
Microsoft Visual Studio Solution File, Format Version 12.00
# Visual Studio Version 16
VisualStudioVersion = 16.0.33130.400
MinimumVisualStudioVersion = 10.0.40219.1
Project("{FAE04EC0-301F-11D3-BF4B-00C04F79EFBC}") = "Pugcorn-v1", "Pugcorn-v1.csproj", "{19784349-3287-48EB-8886-4498AA3A1CF3}"
EndProject
Global
	GlobalSection(SolutionConfigurationPlatforms) = preSolution
		Debug|Any CPU = Debug|Any CPU
		Release|Any CPU = Release|Any CPU
	EndGlobalSection
	GlobalSection(ProjectConfigurationPlatforms) = postSolution
		{19784349-3287-48EB-8886-4498AA3A1CF3}.Debug|Any CPU.ActiveCfg = Debug|Any CPU
		{19784349-3287-48EB-8886-4498AA3A1CF3}.Debug|Any CPU.Build.0 = Debug|Any CPU
		{19784349-3287-48EB-8886-4498AA3A1CF3}.Release|Any CPU.ActiveCfg = Release|Any CPU
		{19784349-3287-48EB-8886-4498AA3A1CF3}.Release|Any CPU.Build.0 = Release|Any CPU
	EndGlobalSection
	GlobalSection(SolutionProperties) = preSolution
		HideSolutionNode = FALSE
	EndGlobalSection
	GlobalSection(ExtensibilityGlobals) = postSolution
		SolutionGuid = {96EA8B2F-6B6F-4B81-8800-64746B370573}
	EndGlobalSection
EndGlobal
